
Microsoft Visual Studio Solution File, Format Version 12.00
# Visual Studio Version 16
VisualStudioVersion = 16.0.31005.135
MinimumVisualStudioVersion = 10.0.40219.1
Project("{FAE04EC0-301F-11D3-BF4B-00C04F79EFBC}") = "Snake", "Snake.csproj", "{DE272A74-5A96-4D68-A049-36BF4E19C597}"
EndProject
Global
	GlobalSection(SolutionConfigurationPlatforms) = preSolution
		Debug|Any CPU = Debug|Any CPU
		Release|Any CPU = Release|Any CPU
	EndGlobalSection
	GlobalSection(ProjectConfigurationPlatforms) = postSolution
		{DE272A74-5A96-4D68-A049-36BF4E19C597}.Debug|Any CPU.ActiveCfg = Debug|Any CPU
		{DE272A74-5A96-4D68-A049-36BF4E19C597}.Debug|Any CPU.Build.0 = Debug|Any CPU
		{DE272A74-5A96-4D68-A049-36BF4E19C597}.Release|Any CPU.ActiveCfg = Release|Any CPU
		{DE272A74-5A96-4D68-A049-36BF4E19C597}.Release|Any CPU.Build.0 = Release|Any CPU
	EndGlobalSection
	GlobalSection(SolutionProperties) = preSolution
		HideSolutionNode = FALSE
	EndGlobalSection
	GlobalSection(ExtensibilityGlobals) = postSolution
		SolutionGuid = {4E77F9CC-3BDF-4A9D-9AD6-5FD46DA638BD}
	EndGlobalSection
EndGlobal
